{
    "_readme": [
        "This file locks the dependencies of your project to a known state",
        "Read more about it at https://getcomposer.org/doc/01-basic-usage.md#installing-dependencies",
        "This file is @generated automatically"
    ],
    "content-hash": "dc065dfe382da1d10d28094f6b167b89",
    "packages": [
        {
            "name": "pear/console_getopt",
            "version": "v1.4.3",
            "source": {
                "type": "git",
                "url": "https://github.com/pear/Console_Getopt.git",
                "reference": "a41f8d3e668987609178c7c4a9fe48fecac53fa0"
            },
            "dist": {
                "type": "zip",
                "url": "https://api.github.com/repos/pear/Console_Getopt/zipball/a41f8d3e668987609178c7c4a9fe48fecac53fa0",
                "reference": "a41f8d3e668987609178c7c4a9fe48fecac53fa0",
                "shasum": ""
            },
            "type": "library",
            "autoload": {
                "psr-0": {
                    "Console": "./"
                }
            },
            "notification-url": "https://packagist.org/downloads/",
            "include-path": [
                "./"
            ],
            "license": [
                "BSD-2-Clause"
            ],
            "authors": [
                {
                    "name": "Andrei Zmievski",
                    "email": "andrei@php.net",
                    "role": "Lead"
                },
                {
                    "name": "Stig Bakken",
                    "email": "stig@php.net",
                    "role": "Developer"
                },
                {
                    "name": "Greg Beaver",
                    "email": "cellog@php.net",
                    "role": "Helper"
                }
            ],
            "description": "More info available on: http://pear.php.net/package/Console_Getopt",
            "support": {
                "issues": "http://pear.php.net/bugs/search.php?cmd=display&package_name[]=Console_Getopt",
                "source": "https://github.com/pear/Console_Getopt"
            },
            "time": "2019-11-20T18:27:48+00:00"
        },
        {
            "name": "pear/mail",
            "version": "dev-master",
            "source": {
                "type": "git",
                "url": "https://github.com/pear/Mail.git",
                "reference": "19be349ce46efbd8c08565b45d8033fcea4627d8"
            },
            "dist": {
                "type": "zip",
                "url": "https://api.github.com/repos/pear/Mail/zipball/19be349ce46efbd8c08565b45d8033fcea4627d8",
                "reference": "19be349ce46efbd8c08565b45d8033fcea4627d8",
                "shasum": ""
            },
            "require": {
                "pear/pear-core-minimal": "~1.9",
                "php": ">=5.2.1"
            },
            "require-dev": {
                "pear/pear": "*"
            },
            "suggest": {
                "pear/net_smtp": "Install optionally via your project's composer.json"
            },
            "default-branch": true,
            "type": "library",
            "autoload": {
                "psr-0": {
                    "Mail": "./"
                }
            },
            "notification-url": "https://packagist.org/downloads/",
            "include-path": [
                "./"
            ],
            "license": [
                "BSD-3-Clause"
            ],
            "authors": [
                {
                    "name": "Chuck Hagenbuch",
                    "email": "chuck@horde.org",
                    "role": "Lead"
                },
                {
                    "name": "Armin Graefe",
                    "email": "schengawegga@gmail.com",
                    "role": "Lead"
                },
                {
                    "name": "Richard Heyes",
                    "email": "richard@phpguru.org",
                    "role": "Developer"
                },
                {
                    "name": "Aleksander Machniak",
                    "email": "alec@alec.pl",
                    "role": "Developer"
                }
            ],
            "description": "Class that provides multiple interfaces for sending emails.",
            "homepage": "http://pear.php.net/package/Mail",
            "support": {
                "issues": "http://pear.php.net/bugs/search.php?cmd=display&package_name[]=Mail",
                "source": "https://github.com/pear/Mail"
            },
            "time": "2023-01-13T19:57:34+00:00"
        },
        {
            "name": "pear/mail_mime",
            "version": "dev-master",
            "source": {
                "type": "git",
                "url": "https://github.com/pear/Mail_Mime.git",
                "reference": "21407d491ccab3265fec2ad72fa6ad322cb290fd"
            },
            "dist": {
                "type": "zip",
                "url": "https://api.github.com/repos/pear/Mail_Mime/zipball/21407d491ccab3265fec2ad72fa6ad322cb290fd",
                "reference": "21407d491ccab3265fec2ad72fa6ad322cb290fd",
                "shasum": ""
            },
            "require": {
                "pear/pear-core-minimal": "*",
                "php": ">=5.2.0"
            },
            "default-branch": true,
            "type": "library",
            "autoload": {
                "psr-0": {
                    "Mail": "./"
                }
            },
            "notification-url": "https://packagist.org/downloads/",
            "include-path": [
                "./"
            ],
            "license": [
                "BSD-3-Clause"
            ],
            "authors": [
                {
                    "name": "Cipriano Groenendal",
                    "email": "cipri@php.net",
                    "role": "Lead"
                },
                {
                    "name": "Aleksander Machniak",
                    "email": "alec@php.net",
                    "role": "Lead"
                }
            ],
            "description": "Mail_Mime provides classes to create MIME messages",
            "homepage": "http://pear.php.net/package/Mail_Mime",
            "support": {
                "issues": "http://pear.php.net/bugs/search.php?cmd=display&package_name[]=Mail_Mime",
                "source": "https://github.com/pear/Mail_Mime"
            },
            "time": "2023-05-31T09:41:30+00:00"
        },
        {
            "name": "pear/net_smtp",
            "version": "dev-master",
            "source": {
                "type": "git",
                "url": "https://github.com/pear/Net_SMTP.git",
                "reference": "cfd963dc5cc73b4d64c7769e47dfa0f439dec536"
            },
            "dist": {
                "type": "zip",
                "url": "https://api.github.com/repos/pear/Net_SMTP/zipball/cfd963dc5cc73b4d64c7769e47dfa0f439dec536",
                "reference": "cfd963dc5cc73b4d64c7769e47dfa0f439dec536",
                "shasum": ""
            },
            "require": {
                "pear/net_socket": "@stable",
                "pear/pear-core-minimal": "@stable",
                "php": ">=5.4.0"
            },
            "require-dev": {
                "phpunit/phpunit": "*"
            },
            "suggest": {
                "pear/auth_sasl": "Install optionally via your project's composer.json"
            },
            "default-branch": true,
            "type": "library",
            "autoload": {
                "psr-0": {
                    "Net": "./"
                }
            },
            "notification-url": "https://packagist.org/downloads/",
            "include-path": [
                "./"
            ],
            "license": [
                "BSD-2-Clause"
            ],
            "authors": [
                {
                    "name": "Jon Parise",
                    "email": "jon@php.net",
                    "homepage": "https://www.indelible.org",
                    "role": "Lead"
                },
                {
                    "name": "Chuck Hagenbuch",
                    "email": "chuck@horde.org",
                    "role": "Lead"
                },
                {
                    "name": "Armin Graefe",
                    "email": "schengawegga@gmail.com",
                    "role": "Lead"
                }
            ],
            "description": "An implementation of the SMTP protocol",
            "homepage": "https://pear.github.io/Net_SMTP/",
            "keywords": [
                "email",
                "mail",
                "smtp"
            ],
            "support": {
                "issues": "https://github.com/pear/Net_SMTP/issues",
                "source": "https://github.com/pear/Net_SMTP"
            },
            "time": "2022-09-23T21:48:50+00:00"
        },
        {
            "name": "pear/net_socket",
            "version": "dev-master",
            "source": {
                "type": "git",
                "url": "https://github.com/pear/Net_Socket.git",
                "reference": "7482c62deab2c2685e00c221d97a83e17c795ef8"
            },
            "dist": {
                "type": "zip",
                "url": "https://api.github.com/repos/pear/Net_Socket/zipball/7482c62deab2c2685e00c221d97a83e17c795ef8",
                "reference": "7482c62deab2c2685e00c221d97a83e17c795ef8",
                "shasum": ""
            },
            "require": {
                "pear/pear_exception": "@stable",
                "php": ">=5.4.0"
            },
            "require-dev": {
                "phpunit/phpunit": "^4"
            },
            "default-branch": true,
            "type": "library",
            "autoload": {
                "psr-0": {
                    "Net": "./"
                }
            },
            "notification-url": "https://packagist.org/downloads/",
            "include-path": [
                "./"
            ],
            "license": [
                "BSD-2-Clause"
            ],
            "authors": [
                {
                    "name": "Chuck Hagenbuch",
                    "email": "chuck@horde.org",
                    "role": "Lead"
                },
                {
                    "name": "Stig Bakken",
                    "email": "stig@php.net",
                    "role": "Lead"
                },
                {
                    "name": "Aleksander Machniak",
                    "email": "alec@php.net",
                    "role": "Lead"
                }
            ],
            "description": "More info available on: http://pear.php.net/package/Net_Socket",
            "support": {
                "issues": "http://pear.php.net/bugs/search.php?cmd=display&package_name[]=Net_Socket",
                "source": "https://github.com/pear/Net_Socket"
            },
            "time": "2017-04-13T17:16:44+00:00"
        },
        {
            "name": "pear/pear-core-minimal",
            "version": "v1.10.13",
            "source": {
                "type": "git",
                "url": "https://github.com/pear/pear-core-minimal.git",
                "reference": "aed862e95fd286c53cc546734868dc38ff4b5b1d"
            },
            "dist": {
                "type": "zip",
                "url": "https://api.github.com/repos/pear/pear-core-minimal/zipball/aed862e95fd286c53cc546734868dc38ff4b5b1d",
                "reference": "aed862e95fd286c53cc546734868dc38ff4b5b1d",
                "shasum": ""
            },
            "require": {
                "pear/console_getopt": "~1.4",
                "pear/pear_exception": "~1.0"
            },
            "replace": {
                "rsky/pear-core-min": "self.version"
            },
            "type": "library",
            "autoload": {
                "psr-0": {
                    "": "src/"
                }
            },
            "notification-url": "https://packagist.org/downloads/",
            "include-path": [
                "src/"
            ],
            "license": [
                "BSD-3-Clause"
            ],
            "authors": [
                {
                    "name": "Christian Weiske",
                    "email": "cweiske@php.net",
                    "role": "Lead"
                }
            ],
            "description": "Minimal set of PEAR core files to be used as composer dependency",
            "support": {
                "issues": "http://pear.php.net/bugs/search.php?cmd=display&package_name[]=PEAR",
                "source": "https://github.com/pear/pear-core-minimal"
            },
            "time": "2023-04-19T19:15:47+00:00"
        },
        {
            "name": "pear/pear_exception",
            "version": "dev-master",
            "source": {
                "type": "git",
                "url": "https://github.com/pear/PEAR_Exception.git",
                "reference": "76631ea7fa66755900beb615e3b7b1ee54cf1c99"
            },
            "dist": {
                "type": "zip",
                "url": "https://api.github.com/repos/pear/PEAR_Exception/zipball/76631ea7fa66755900beb615e3b7b1ee54cf1c99",
                "reference": "76631ea7fa66755900beb615e3b7b1ee54cf1c99",
                "shasum": ""
            },
            "require": {
                "php": ">=5.2.0"
            },
            "require-dev": {
                "phpunit/phpunit": "<9"
            },
            "default-branch": true,
            "type": "class",
            "extra": {
                "branch-alias": {
                    "dev-master": "1.0.x-dev"
                }
            },
            "autoload": {
                "classmap": [
                    "PEAR/"
                ]
            },
            "notification-url": "https://packagist.org/downloads/",
            "include-path": [
                "."
            ],
            "license": [
                "BSD-2-Clause"
            ],
            "authors": [
                {
                    "name": "Helgi Thormar",
                    "email": "dufuz@php.net"
                },
                {
                    "name": "Greg Beaver",
                    "email": "cellog@php.net"
                }
            ],
            "description": "The PEAR Exception base class.",
            "homepage": "https://github.com/pear/PEAR_Exception",
            "keywords": [
                "exception"
            ],
            "support": {
                "issues": "https://pear.php.net/bugs/search.php?cmd=display&package_name%5B%5D=PEAR_Exception",
                "source": "https://github.com/pear/PEAR_Exception"
            },
            "time": "2022-03-27T11:31:16+00:00"
        },
        {
            "name": "spojenet/flexibee",
            "version": "dev-main",
            "source": {
                "type": "git",
                "url": "https://github.com/Spoje-NET/php-abraflexi.git",
                "reference": "dbee2b5ab378c4a65373aa838d12a6bfead6e7a5"
            },
            "dist": {
                "type": "zip",
                "url": "https://api.github.com/repos/Spoje-NET/php-abraflexi/zipball/dbee2b5ab378c4a65373aa838d12a6bfead6e7a5",
                "reference": "dbee2b5ab378c4a65373aa838d12a6bfead6e7a5",
                "shasum": ""
            },
            "require": {
                "ext-curl": "*",
                "ext-gettext": "*",
                "ext-json": "*",
                "vitexsoftware/ease-core": ">=1.12"
            },
            "replace": {
                "spoje.net/flexibee": "*",
                "spoje.net/flexipeehp": "*"
            },
            "require-dev": {
                "ext-iconv": "*",
                "phing/phing": "*",
                "phpunit/phpunit": "*"
            },
            "default-branch": true,
            "type": "library",
            "autoload": {
                "psr-4": {
                    "AbraFlexi\\": "src/AbraFlexi/"
                }
            },
            "notification-url": "https://packagist.org/downloads/",
            "license": [
                "MIT"
            ],
            "authors": [
                {
                    "name": "Vítězslav Dvořák",
                    "email": "info@vitexsoftware.cz"
                }
            ],
            "description": "Library for easy interaction with czech economic system FlexiBee.",
            "keywords": [
                "API-Client",
                "AbraFlexi",
                "fintech",
                "flexibee"
            ],
            "support": {
                "issues": "https://github.com/Spoje-NET/php-abraflexi/issues",
                "source": "https://github.com/Spoje-NET/php-abraflexi/tree/main"
            },
            "time": "2023-07-11T07:31:44+00:00"
        },
        {
            "name": "vitexsoftware/abraflexi-bricks",
            "version": "dev-main",
            "source": {
                "type": "git",
                "url": "https://github.com/VitexSoftware/php-abraflexi-bricks.git",
                "reference": "9541a035aa07a2d9b864ee827fb59e7555aef4fe"
            },
            "dist": {
                "type": "zip",
                "url": "https://api.github.com/repos/VitexSoftware/php-abraflexi-bricks/zipball/9541a035aa07a2d9b864ee827fb59e7555aef4fe",
                "reference": "9541a035aa07a2d9b864ee827fb59e7555aef4fe",
                "shasum": ""
            },
            "require": {
                "spojenet/flexibee": "*",
                "vitexsoftware/ease-core-bricks": "*"
            },
            "require-dev": {
                "codeception/codeception": "*",
                "phpunit/phpunit": "*"
            },
            "default-branch": true,
            "type": "library",
            "autoload": {
                "psr-4": {
                    "AbraFlexi\\ui\\": "src/AbraFlexi/ui",
                    "AbraFlexi\\Bricks\\": "src/AbraFlexi/Bricks",
                    "AbraFlexi\\Bricks\\ConvertRules\\": "src/AbraFlexi/Bricks/ConvertRules"
                }
            },
            "notification-url": "https://packagist.org/downloads/",
            "license": [
                "MIT"
            ],
            "authors": [
                {
                    "name": "Vitex",
                    "email": "info@vitexsoftware.cz"
                }
            ],
            "description": "php-abraflexi extending classes and widgets",
            "support": {
                "issues": "https://github.com/VitexSoftware/php-abraflexi-bricks/issues",
                "source": "https://github.com/VitexSoftware/php-abraflexi-bricks/tree/main"
            },
            "time": "2023-02-09T19:48:36+00:00"
        },
        {
            "name": "vitexsoftware/ease-bootstrap4-widgets-abraflexi",
            "version": "dev-main",
            "source": {
                "type": "git",
                "url": "https://github.com/VitexSoftware/php-ease-twbootstrap4-widgets-abraflexi.git",
                "reference": "8f60fc46b69f0b7cff25dc7c9bfcf66d94e32cc3"
            },
            "dist": {
                "type": "zip",
                "url": "https://api.github.com/repos/VitexSoftware/php-ease-twbootstrap4-widgets-abraflexi/zipball/8f60fc46b69f0b7cff25dc7c9bfcf66d94e32cc3",
                "reference": "8f60fc46b69f0b7cff25dc7c9bfcf66d94e32cc3",
                "shasum": ""
            },
            "require": {
                "vitexsoftware/abraflexi-bricks": ">=1.1",
                "vitexsoftware/ease-twbootstrap4": ">=1.1"
            },
            "require-dev": {
                "phpunit/phpunit": "^9"
            },
            "default-branch": true,
            "type": "library",
            "autoload": {
                "psr-4": {
                    "AbraFlexi\\ui\\TWB4\\": "src/AbraFlexi/ui/TWB4"
                }
            },
            "notification-url": "https://packagist.org/downloads/",
            "license": [
                "MIT"
            ],
            "authors": [
                {
                    "name": "Vitex",
                    "email": "info@vitexsoftware.cz"
                }
            ],
            "description": "php-abraflexi extending classes and widgets",
            "support": {
                "issues": "https://github.com/VitexSoftware/php-ease-twbootstrap4-widgets-abraflexi/issues",
                "source": "https://github.com/VitexSoftware/php-ease-twbootstrap4-widgets-abraflexi/tree/main"
            },
            "funding": [
                {
                    "url": "https://www.patreon.com/VitexSoftware",
                    "type": "patreon"
                }
            ],
            "time": "2022-12-07T10:25:39+00:00"
        },
        {
            "name": "vitexsoftware/ease-core",
            "version": "dev-main",
            "source": {
                "type": "git",
                "url": "https://github.com/VitexSoftware/php-ease-core.git",
                "reference": "3184e4d44d20f2a8be65b6a871a23a915816557f"
            },
            "dist": {
                "type": "zip",
                "url": "https://api.github.com/repos/VitexSoftware/php-ease-core/zipball/3184e4d44d20f2a8be65b6a871a23a915816557f",
                "reference": "3184e4d44d20f2a8be65b6a871a23a915816557f",
                "shasum": ""
            },
            "require": {
                "composer-runtime-api": "*",
                "ext-intl": "*",
                "pear/mail": ">=1.3",
                "pear/mail_mime": ">=1.10",
                "php": ">=7"
            },
            "conflict": {
                "vitexsoftware/ease-framework": "*"
            },
            "require-dev": {
                "phpstan/phpstan": "*",
                "phpunit/phpunit": "*",
                "roave/security-advisories": "dev-latest"
            },
            "default-branch": true,
            "type": "library",
            "autoload": {
                "psr-4": {
                    "Ease\\": "src/Ease/",
                    "Ease\\Logger\\": "src/Ease/Logger/"
                }
            },
            "notification-url": "https://packagist.org/downloads/",
            "license": [
                "MIT"
            ],
            "authors": [
                {
                    "name": "Vítězslav Dvořák",
                    "email": "info@vitexsoftware.cz",
                    "homepage": "http://v.s.cz/"
                }
            ],
            "description": "An PHP Framework for writing Applications",
            "homepage": "http://v.s.cz/ease.php",
            "support": {
                "issues": "https://github.com/VitexSoftware/php-ease-core/issues",
                "source": "https://github.com/VitexSoftware/php-ease-core/tree/main"
            },
            "funding": [
                {
                    "url": "https://www.patreon.com/VitexSoftware",
                    "type": "patreon"
                }
            ],
            "time": "2023-07-27T10:23:05+00:00"
        },
        {
            "name": "vitexsoftware/ease-core-bricks",
            "version": "dev-master",
            "source": {
                "type": "git",
                "url": "https://github.com/VitexSoftware/php-ease-bricks.git",
                "reference": "c9a5001cd69ffee152f4dc4be0379bd13d146d89"
            },
            "dist": {
                "type": "zip",
                "url": "https://api.github.com/repos/VitexSoftware/php-ease-bricks/zipball/c9a5001cd69ffee152f4dc4be0379bd13d146d89",
                "reference": "c9a5001cd69ffee152f4dc4be0379bd13d146d89",
                "shasum": ""
            },
            "require": {
                "vitexsoftware/ease-html": ">=1.31"
            },
            "require-dev": {
                "phpunit/phpunit": "^9"
            },
            "default-branch": true,
            "type": "library",
            "autoload": {
                "psr-4": {
                    "Ease\\": "src/Ease",
                    "Ease\\ui\\": "src/Ease/ui"
                }
            },
            "notification-url": "https://packagist.org/downloads/",
            "license": [
                "GPL-2.0+"
            ],
            "authors": [
                {
                    "name": "Vítězslav Dvořák",
                    "email": "info@vitexsoftware.cz",
                    "homepage": "http://vitexsoftware.com/"
                }
            ],
            "description": "EasePHP framework addons and code snipplets",
            "homepage": "http://v.s.cz/ease.php",
            "support": {
                "issues": "https://github.com/VitexSoftware/php-ease-bricks/issues",
                "source": "https://github.com/VitexSoftware/php-ease-bricks/tree/master"
            },
            "funding": [
                {
                    "url": "https://www.patreon.com/VitexSoftware",
                    "type": "patreon"
                }
            ],
            "time": "2023-04-18T21:41:41+00:00"
        },
        {
            "name": "vitexsoftware/ease-html",
            "version": "dev-main",
            "source": {
                "type": "git",
                "url": "https://github.com/VitexSoftware/php-ease-html.git",
                "reference": "3c3999156dcce67c221d90e570b102db3dbfc7a3"
            },
            "dist": {
                "type": "zip",
                "url": "https://api.github.com/repos/VitexSoftware/php-ease-html/zipball/3c3999156dcce67c221d90e570b102db3dbfc7a3",
                "reference": "3c3999156dcce67c221d90e570b102db3dbfc7a3",
                "shasum": ""
            },
            "require": {
                "vitexsoftware/ease-core": ">= 1.8"
            },
            "require-dev": {
                "phpunit/phpunit": "*"
            },
            "default-branch": true,
            "type": "library",
            "autoload": {
                "psr-4": {
                    "Ease\\": "src/Ease/",
                    "Ease\\Html\\": "src/Ease/Html/"
                }
            },
            "notification-url": "https://packagist.org/downloads/",
            "license": [
                "MIT"
            ],
            "authors": [
                {
                    "name": "Vítězslav Vitex Dvořák",
                    "email": "info@vitexsoftware.cz"
                }
            ],
            "description": "Set of HTML rendering objects",
            "support": {
                "issues": "https://github.com/VitexSoftware/php-ease-html/issues",
                "source": "https://github.com/VitexSoftware/php-ease-html/tree/main"
            },
            "funding": [
                {
                    "url": "https://www.patreon.com/VitexSoftware",
                    "type": "patreon"
                }
            ],
            "time": "2023-07-25T16:29:59+00:00"
        },
        {
            "name": "vitexsoftware/ease-twbootstrap4",
            "version": "dev-main",
            "source": {
                "type": "git",
                "url": "https://github.com/VitexSoftware/php-ease-twbootstrap4.git",
                "reference": "663b11b0e8d5ac242c066275b67a3dfa4e4b628e"
            },
            "dist": {
                "type": "zip",
                "url": "https://api.github.com/repos/VitexSoftware/php-ease-twbootstrap4/zipball/663b11b0e8d5ac242c066275b67a3dfa4e4b628e",
                "reference": "663b11b0e8d5ac242c066275b67a3dfa4e4b628e",
                "shasum": ""
            },
            "require": {
                "vitexsoftware/ease-html": ">= 1.25"
            },
            "require-dev": {
                "phpunit/phpunit": "^9"
            },
            "default-branch": true,
            "type": "library",
            "autoload": {
                "psr-4": {
                    "Ease\\TWB4\\": "src/Ease/TWB4/"
                }
            },
            "notification-url": "https://packagist.org/downloads/",
            "license": [
                "MIT"
            ],
            "authors": [
                {
                    "name": "Vítězslav Vitex Dvořák",
                    "email": "info@vitexsoftware.cz"
                }
            ],
            "description": "Set of Twitter Bootstrap 4 rendering objects",
            "support": {
                "issues": "https://github.com/VitexSoftware/php-ease-twbootstrap4/issues",
                "source": "https://github.com/VitexSoftware/php-ease-twbootstrap4/tree/main"
            },
            "funding": [
                {
                    "url": "https://www.patreon.com/VitexSoftware",
                    "type": "patreon"
                }
            ],
            "time": "2022-12-06T22:35:32+00:00"
        },
        {
            "name": "vitexsoftware/ease-twbootstrap4-widgets",
            "version": "dev-master",
            "source": {
                "type": "git",
                "url": "https://github.com/VitexSoftware/php-ease-twbootstrap4-widgets.git",
                "reference": "3feef23131ed2ef35f26f6220d620172bd6880c3"
            },
            "dist": {
                "type": "zip",
                "url": "https://api.github.com/repos/VitexSoftware/php-ease-twbootstrap4-widgets/zipball/3feef23131ed2ef35f26f6220d620172bd6880c3",
                "reference": "3feef23131ed2ef35f26f6220d620172bd6880c3",
                "shasum": ""
            },
            "require": {
                "vitexsoftware/ease-twbootstrap4": ">=1.1"
            },
            "require-dev": {
                "phpunit/phpunit": ">=8"
            },
            "default-branch": true,
            "type": "library",
            "autoload": {
                "psr-4": {
                    "Ease\\TWB4\\Widgets\\": "src/Ease/TWB4/Widgets"
                }
            },
            "notification-url": "https://packagist.org/downloads/",
            "license": [
                "MIT"
            ],
            "authors": [
                {
                    "name": "Vítězslav Dvořák",
                    "email": "info@vitexsoftware.cz",
                    "homepage": "http://v.s.cz/"
                }
            ],
            "description": "EasePHP framework addons and code snipplets",
            "homepage": "http://v.s.cz/ease.php",
            "support": {
                "issues": "https://github.com/VitexSoftware/php-ease-twbootstrap4-widgets/issues",
                "source": "https://github.com/VitexSoftware/php-ease-twbootstrap4-widgets/tree/master"
            },
            "funding": [
                {
                    "url": "https://www.patreon.com/VitexSoftware",
                    "type": "patreon"
                }
            ],
            "time": "2023-04-12T17:21:39+00:00"
        }
    ],
    "packages-dev": [
        {
            "name": "phpstan/phpstan",
            "version": "1.11.x-dev",
            "source": {
                "type": "git",
                "url": "https://github.com/phpstan/phpstan.git",
                "reference": "1b4eb06e778b5e29289fbe36df0481156f59f1c0"
            },
            "dist": {
                "type": "zip",
                "url": "https://api.github.com/repos/phpstan/phpstan/zipball/1b4eb06e778b5e29289fbe36df0481156f59f1c0",
                "reference": "1b4eb06e778b5e29289fbe36df0481156f59f1c0",
                "shasum": ""
            },
            "require": {
                "php": "^7.2|^8.0"
            },
            "conflict": {
                "phpstan/phpstan-shim": "*"
            },
            "default-branch": true,
            "bin": [
                "phpstan",
                "phpstan.phar"
            ],
            "type": "library",
            "autoload": {
                "files": [
                    "bootstrap.php"
                ]
            },
            "notification-url": "https://packagist.org/downloads/",
            "license": [
                "MIT"
            ],
            "description": "PHPStan - PHP Static Analysis Tool",
            "keywords": [
                "dev",
                "static analysis"
            ],
            "support": {
                "docs": "https://phpstan.org/user-guide/getting-started",
                "forum": "https://github.com/phpstan/phpstan/discussions",
                "issues": "https://github.com/phpstan/phpstan/issues",
                "security": "https://github.com/phpstan/phpstan/security/policy",
                "source": "https://github.com/phpstan/phpstan-src"
            },
            "funding": [
                {
                    "url": "https://github.com/ondrejmirtes",
                    "type": "github"
                },
                {
                    "url": "https://github.com/phpstan",
                    "type": "github"
                },
                {
                    "url": "https://tidelift.com/funding/github/packagist/phpstan/phpstan",
                    "type": "tidelift"
                }
            ],
            "time": "2023-07-30T00:37:38+00:00"
        }
    ],
    "aliases": [],
    "minimum-stability": "dev",
    "stability-flags": {
        "vitexsoftware/ease-bootstrap4-widgets-abraflexi": 20,
        "vitexsoftware/abraflexi-bricks": 20,
        "pear/net_smtp": 20,
        "phpstan/phpstan": 20
    },
    "prefer-stable": false,
    "prefer-lowest": false,
    "platform": [],
    "platform-dev": [],
    "plugin-api-version": "2.3.0"
}
